version = 1
revision = 3
requires-python = ">=3.13"

[[package]]
name = "annotated-types"
version = "0.7.0"
source = { registry = "https://mirrors.aliyun.com/pypi/simple/" }
sdist = { url = "https://mirrors.aliyun.com/pypi/packages/ee/67/531ea369ba64dcff5ec9c3402f9f51bf748cec26dde048a2f973a4eea7f5/annotated_types-0.7.0.tar.gz", hash = "sha256:aff07c09a53a08bc8cfccb9c85b05f1aa9a2a6f23728d790723543408344ce89" }
wheels = [
    { url = "https://mirrors.aliyun.com/pypi/packages/78/b6/6307fbef88d9b5ee7421e68d78a9f162e0da4900bc5f5793f6d3d0e34fb8/annotated_types-0.7.0-py3-none-any.whl", hash = "sha256:1f02e8b43a8fbbc3f3e0d4f0f4bfc8131bcb4eebe8849b8e5c773f3a1c582a53" },
]

[[package]]
name = "attrs"
version = "25.4.0"
source = { registry = "https://mirrors.aliyun.com/pypi/simple/" }
sdist = { url = "https://mirrors.aliyun.com/pypi/packages/6b/5c/685e6633917e101e5dcb62b9dd76946cbb57c26e133bae9e0cd36033c0a9/attrs-25.4.0.tar.gz", hash = "sha256:16d5969b87f0859ef33a48b35d55ac1be6e42ae49d5e853b597db70c35c57e11" }
wheels = [
    { url = "https://mirrors.aliyun.com/pypi/packages/3a/2a/7cc015f5b9f5db42b7d48157e23356022889fc354a2813c15934b7cb5c0e/attrs-25.4.0-py3-none-any.whl", hash = "sha256:adcf7e2a1fb3b36ac48d97835bb6d8ade15b8dcce26aba8bf1d14847b57a3373" },
]

[[package]]
name = "colorama"
version = "0.4.6"
source = { registry = "https://mirrors.aliyun.com/pypi/simple/" }
sdist = { url = "https://mirrors.aliyun.com/pypi/packages/d8/53/6f443c9a4a8358a93a6792e2acffb9d9d5cb0a5cfd8802644b7b1c9a02e4/colorama-0.4.6.tar.gz", hash = "sha256:08695f5cb7ed6e0531a20572697297273c47b8cae5a63ffc6d6ed5c201be6e44" }
wheels = [
    { url = "https://mirrors.aliyun.com/pypi/packages/d1/d6/3965ed04c63042e047cb6a3e6ed1a63a35087b6a609aa3a15ed8ac56c221/colorama-0.4.6-py2.py3-none-any.whl", hash = "sha256:4f1d9991f5acc0ca119f9d443620b77f9d6b33703e51011c16baf57afb285fc6" },
]

[[package]]
name = "iniconfig"
version = "2.3.0"
source = { registry = "https://mirrors.aliyun.com/pypi/simple/" }
sdist = { url = "https://mirrors.aliyun.com/pypi/packages/72/34/14ca021ce8e5dfedc35312d08ba8bf51fdd999c576889fc2c24cb97f4f10/iniconfig-2.3.0.tar.gz", hash = "sha256:c76315c77db068650d49c5b56314774a7804df16fee4402c1f19d6d15d8c4730" }
wheels = [
    { url = "https://mirrors.aliyun.com/pypi/packages/cb/b1/3846dd7f199d53cb17f49cba7e651e9ce294d8497c8c150530ed11865bb8/iniconfig-2.3.0-py3-none-any.whl", hash = "sha256:f631c04d2c48c52b84d0d0549c99ff3859c98df65b3101406327ecc7d53fbf12" },
]

[[package]]
name = "loguru"
version = "0.7.3"
source = { registry = "https://mirrors.aliyun.com/pypi/simple/" }
dependencies = [
    { name = "colorama", marker = "sys_platform == 'win32'" },
    { name = "win32-setctime", marker = "sys_platform == 'win32'" },
]
sdist = { url = "https://mirrors.aliyun.com/pypi/packages/3a/05/a1dae3dffd1116099471c643b8924f5aa6524411dc6c63fdae648c4f1aca/loguru-0.7.3.tar.gz", hash = "sha256:19480589e77d47b8d85b2c827ad95d49bf31b0dcde16593892eb51dd18706eb6" }
wheels = [
    { url = "https://mirrors.aliyun.com/pypi/packages/0c/29/0348de65b8cc732daa3e33e67806420b2ae89bdce2b04af740289c5c6c8c/loguru-0.7.3-py3-none-any.whl", hash = "sha256:31a33c10c8e1e10422bfd431aeb5d351c7cf7fa671e3c4df004162264b28220c" },
]

[[package]]
name = "packaging"
version = "25.0"
source = { registry = "https://mirrors.aliyun.com/pypi/simple/" }
sdist = { url = "https://mirrors.aliyun.com/pypi/packages/a1/d4/1fc4078c65507b51b96ca8f8c3ba19e6a61c8253c72794544580a7b6c24d/packaging-25.0.tar.gz", hash = "sha256:d443872c98d677bf60f6a1f2f8c1cb748e8fe762d2bf9d3148b5599295b0fc4f" }
wheels = [
    { url = "https://mirrors.aliyun.com/pypi/packages/20/12/38679034af332785aac8774540895e234f4d07f7545804097de4b666afd8/packaging-25.0-py3-none-any.whl", hash = "sha256:29572ef2b1f17581046b3a2227d5c611fb25ec70ca1ba8554b24b0e69331a484" },
]

[[package]]
name = "pendulum"
version = "3.1.0"
source = { registry = "https://mirrors.aliyun.com/pypi/simple/" }
dependencies = [
    { name = "python-dateutil" },
    { name = "tzdata" },
]
sdist = { url = "https://mirrors.aliyun.com/pypi/packages/23/7c/009c12b86c7cc6c403aec80f8a4308598dfc5995e5c523a5491faaa3952e/pendulum-3.1.0.tar.gz", hash = "sha256:66f96303560f41d097bee7d2dc98ffca716fbb3a832c4b3062034c2d45865015" }
wheels = [
    { url = "https://mirrors.aliyun.com/pypi/packages/8e/1f/af928ba4aa403dac9569f787adcf024005e7654433d71f7a84e608716837/pendulum-3.1.0-cp313-cp313-macosx_10_12_x86_64.whl", hash = "sha256:28658b0baf4b30eb31d096a375983cfed033e60c0a7bbe94fa23f06cd779b50b" },
    { url = "https://mirrors.aliyun.com/pypi/packages/b6/16/b010643007ba964c397da7fa622924423883c1bbff1a53f9d1022cd7f024/pendulum-3.1.0-cp313-cp313-macosx_11_0_arm64.whl", hash = "sha256:b114dcb99ce511cb8f5495c7b6f0056b2c3dba444ef1ea6e48030d7371bd531a" },
    { url = "https://mirrors.aliyun.com/pypi/packages/64/19/c3c47aeecb5d9bceb0e89faafd800d39809b696c5b7bba8ec8370ad5052c/pendulum-3.1.0-cp313-cp313-manylinux_2_17_aarch64.manylinux2014_aarch64.whl", hash = "sha256:2404a6a54c80252ea393291f0b7f35525a61abae3d795407f34e118a8f133a18" },
    { url = "https://mirrors.aliyun.com/pypi/packages/38/cf/c06921ff6b860ff7e62e70b8e5d4dc70e36f5abb66d168bd64d51760bc4e/pendulum-3.1.0-cp313-cp313-manylinux_2_17_ppc64le.manylinux2014_ppc64le.whl", hash = "sha256:d06999790d9ee9962a1627e469f98568bf7ad1085553fa3c30ed08b3944a14d7" },
    { url = "https://mirrors.aliyun.com/pypi/packages/62/0b/a43953b9eba11e82612b033ac5133f716f1b76b6108a65da6f408b3cc016/pendulum-3.1.0-cp313-cp313-manylinux_2_17_s390x.manylinux2014_s390x.whl", hash = "sha256:94751c52f6b7c306734d1044c2c6067a474237e1e5afa2f665d1fbcbbbcf24b3" },
    { url = "https://mirrors.aliyun.com/pypi/packages/eb/a0/ec3d70b3b96e23ae1d039f132af35e17704c22a8250d1887aaefea4d78a6/pendulum-3.1.0-cp313-cp313-manylinux_2_17_x86_64.manylinux2014_x86_64.whl", hash = "sha256:5553ac27be05e997ec26d7f004cf72788f4ce11fe60bb80dda604a64055b29d0" },
    { url = "https://mirrors.aliyun.com/pypi/packages/f4/97/aba23f1716b82f6951ba2b1c9178a2d107d1e66c102762a9bf19988547ea/pendulum-3.1.0-cp313-cp313-musllinux_1_1_aarch64.whl", hash = "sha256:f8dee234ca6142bf0514368d01a72945a44685aaa2fc4c14c98d09da9437b620" },
    { url = "https://mirrors.aliyun.com/pypi/packages/01/33/2c0d5216cc53d16db0c4b3d510f141ee0a540937f8675948541190fbd48b/pendulum-3.1.0-cp313-cp313-musllinux_1_1_x86_64.whl", hash = "sha256:7378084fe54faab4ee481897a00b710876f2e901ded6221671e827a253e643f2" },
    { url = "https://mirrors.aliyun.com/pypi/packages/51/89/8de955c339c31aeae77fd86d3225509b998c81875e9dba28cb88b8cbf4b3/pendulum-3.1.0-cp313-cp313-win_amd64.whl", hash = "sha256:8539db7ae2c8da430ac2515079e288948c8ebf7eb1edd3e8281b5cdf433040d6" },
    { url = "https://mirrors.aliyun.com/pypi/packages/15/c3/226a3837363e94f8722461848feec18bfdd7d5172564d53aa3c3397ff01e/pendulum-3.1.0-cp313-cp313-win_arm64.whl", hash = "sha256:1ce26a608e1f7387cd393fba2a129507c4900958d4f47b90757ec17656856571" },
    { url = "https://mirrors.aliyun.com/pypi/packages/6e/23/e98758924d1b3aac11a626268eabf7f3cf177e7837c28d47bf84c64532d0/pendulum-3.1.0-py3-none-any.whl", hash = "sha256:f9178c2a8e291758ade1e8dd6371b1d26d08371b4c7730a6e9a3ef8b16ebae0f" },
]

[[package]]
name = "pluggy"
version = "1.6.0"
source = { registry = "https://mirrors.aliyun.com/pypi/simple/" }
sdist = { url = "https://mirrors.aliyun.com/pypi/packages/f9/e2/3e91f31a7d2b083fe6ef3fa267035b518369d9511ffab804f839851d2779/pluggy-1.6.0.tar.gz", hash = "sha256:7dcc130b76258d33b90f61b658791dede3486c3e6bfb003ee5c9bfb396dd22f3" }
wheels = [
    { url = "https://mirrors.aliyun.com/pypi/packages/54/20/4d324d65cc6d9205fabedc306948156824eb9f0ee1633355a8f7ec5c66bf/pluggy-1.6.0-py3-none-any.whl", hash = "sha256:e920276dd6813095e9377c0bc5566d94c932c33b27a3e3945d8389c374dd4746" },
]

[[package]]
name = "pydantic"
version = "2.12.5"
source = { registry = "https://mirrors.aliyun.com/pypi/simple/" }
dependencies = [
    { name = "annotated-types" },
    { name = "pydantic-core" },
    { name = "typing-extensions" },
    { name = "typing-inspection" },
]
sdist = { url = "https://mirrors.aliyun.com/pypi/packages/69/44/36f1a6e523abc58ae5f928898e4aca2e0ea509b5aa6f6f392a5d882be928/pydantic-2.12.5.tar.gz", hash = "sha256:4d351024c75c0f085a9febbb665ce8c0c6ec5d30e903bdb6394b7ede26aebb49" }
wheels = [
    { url = "https://mirrors.aliyun.com/pypi/packages/5a/87/b70ad306ebb6f9b585f114d0ac2137d792b48be34d732d60e597c2f8465a/pydantic-2.12.5-py3-none-any.whl", hash = "sha256:e561593fccf61e8a20fc46dfc2dfe075b8be7d0188df33f221ad1f0139180f9d" },
]

[[package]]
name = "pydantic-core"
version = "2.41.5"
source = { registry = "https://mirrors.aliyun.com/pypi/simple/" }
dependencies = [
    { name = "typing-extensions" },
]
sdist = { url = "https://mirrors.aliyun.com/pypi/packages/71/70/23b021c950c2addd24ec408e9ab05d59b035b39d97cdc1130e1bce647bb6/pydantic_core-2.41.5.tar.gz", hash = "sha256:08daa51ea16ad373ffd5e7606252cc32f07bc72b28284b6bc9c6df804816476e" }
wheels = [
    { url = "https://mirrors.aliyun.com/pypi/packages/87/06/8806241ff1f70d9939f9af039c6c35f2360cf16e93c2ca76f184e76b1564/pydantic_core-2.41.5-cp313-cp313-macosx_10_12_x86_64.whl", hash = "sha256:941103c9be18ac8daf7b7adca8228f8ed6bb7a1849020f643b3a14d15b1924d9" },
    { url = "https://mirrors.aliyun.com/pypi/packages/94/02/abfa0e0bda67faa65fef1c84971c7e45928e108fe24333c81f3bfe35d5f5/pydantic_core-2.41.5-cp313-cp313-macosx_11_0_arm64.whl", hash = "sha256:112e305c3314f40c93998e567879e887a3160bb8689ef3d2c04b6cc62c33ac34" },
    { url = "https://mirrors.aliyun.com/pypi/packages/15/df/a4c740c0943e93e6500f9eb23f4ca7ec9bf71b19e608ae5b579678c8d02f/pydantic_core-2.41.5-cp313-cp313-manylinux_2_17_aarch64.manylinux2014_aarch64.whl", hash = "sha256:0cbaad15cb0c90aa221d43c00e77bb33c93e8d36e0bf74760cd00e732d10a6a0" },
    { url = "https://mirrors.aliyun.com/pypi/packages/9a/e3/6324802931ae1d123528988e0e86587c2072ac2e5394b4bc2bc34b61ff6e/pydantic_core-2.41.5-cp313-cp313-manylinux_2_17_armv7l.manylinux2014_armv7l.whl", hash = "sha256:03ca43e12fab6023fc79d28ca6b39b05f794ad08ec2feccc59a339b02f2b3d33" },
    { url = "https://mirrors.aliyun.com/pypi/packages/c9/d4/2230d7151d4957dd79c3044ea26346c148c98fbf0ee6ebd41056f2d62ab5/pydantic_core-2.41.5-cp313-cp313-manylinux_2_17_ppc64le.manylinux2014_ppc64le.whl", hash = "sha256:dc799088c08fa04e43144b164feb0c13f9a0bc40503f8df3e9fde58a3c0c101e" },
    { url = "https://mirrors.aliyun.com/pypi/packages/e6/9f/eaac5df17a3672fef0081b6c1bb0b82b33ee89aa5cec0d7b05f52fd4a1fa/pydantic_core-2.41.5-cp313-cp313-manylinux_2_17_s390x.manylinux2014_s390x.whl", hash = "sha256:97aeba56665b4c3235a0e52b2c2f5ae9cd071b8a8310ad27bddb3f7fb30e9aa2" },
    { url = "https://mirrors.aliyun.com/pypi/packages/cf/4e/35a80cae583a37cf15604b44240e45c05e04e86f9cfd766623149297e971/pydantic_core-2.41.5-cp313-cp313-manylinux_2_17_x86_64.manylinux2014_x86_64.whl", hash = "sha256:406bf18d345822d6c21366031003612b9c77b3e29ffdb0f612367352aab7d586" },
    { url = "https://mirrors.aliyun.com/pypi/packages/bf/e3/f6e262673c6140dd3305d144d032f7bd5f7497d3871c1428521f19f9efa2/pydantic_core-2.41.5-cp313-cp313-manylinux_2_5_i686.manylinux1_i686.whl", hash = "sha256:b93590ae81f7010dbe380cdeab6f515902ebcbefe0b9327cc4804d74e93ae69d" },
    { url = "https://mirrors.aliyun.com/pypi/packages/75/c7/20bd7fc05f0c6ea2056a4565c6f36f8968c0924f19b7d97bbfea55780e73/pydantic_core-2.41.5-cp313-cp313-musllinux_1_1_aarch64.whl", hash = "sha256:01a3d0ab748ee531f4ea6c3e48ad9dac84ddba4b0d82291f87248f2f9de8d740" },
    { url = "https://mirrors.aliyun.com/pypi/packages/3a/8d/34318ef985c45196e004bc46c6eab2eda437e744c124ef0dbe1ff2c9d06b/pydantic_core-2.41.5-cp313-cp313-musllinux_1_1_armv7l.whl", hash = "sha256:6561e94ba9dacc9c61bce40e2d6bdc3bfaa0259d3ff36ace3b1e6901936d2e3e" },
    { url = "https://mirrors.aliyun.com/pypi/packages/9c/59/013626bf8c78a5a5d9350d12e7697d3d4de951a75565496abd40ccd46bee/pydantic_core-2.41.5-cp313-cp313-musllinux_1_1_x86_64.whl", hash = "sha256:915c3d10f81bec3a74fbd4faebe8391013ba61e5a1a8d48c4455b923bdda7858" },
    { url = "https://mirrors.aliyun.com/pypi/packages/1a/d9/c248c103856f807ef70c18a4f986693a46a8ffe1602e5d361485da502d20/pydantic_core-2.41.5-cp313-cp313-win32.whl", hash = "sha256:650ae77860b45cfa6e2cdafc42618ceafab3a2d9a3811fcfbd3bbf8ac3c40d36" },
    { url = "https://mirrors.aliyun.com/pypi/packages/9e/8b/341991b158ddab181cff136acd2552c9f35bd30380422a639c0671e99a91/pydantic_core-2.41.5-cp313-cp313-win_amd64.whl", hash = "sha256:79ec52ec461e99e13791ec6508c722742ad745571f234ea6255bed38c6480f11" },
    { url = "https://mirrors.aliyun.com/pypi/packages/73/7d/f2f9db34af103bea3e09735bb40b021788a5e834c81eedb541991badf8f5/pydantic_core-2.41.5-cp313-cp313-win_arm64.whl", hash = "sha256:3f84d5c1b4ab906093bdc1ff10484838aca54ef08de4afa9de0f5f14d69639cd" },
    { url = "https://mirrors.aliyun.com/pypi/packages/ea/28/46b7c5c9635ae96ea0fbb779e271a38129df2550f763937659ee6c5dbc65/pydantic_core-2.41.5-cp314-cp314-macosx_10_12_x86_64.whl", hash = "sha256:3f37a19d7ebcdd20b96485056ba9e8b304e27d9904d233d7b1015db320e51f0a" },
    { url = "https://mirrors.aliyun.com/pypi/packages/74/1a/145646e5687e8d9a1e8d09acb278c8535ebe9e972e1f162ed338a622f193/pydantic_core-2.41.5-cp314-cp314-macosx_11_0_arm64.whl", hash = "sha256:1d1d9764366c73f996edd17abb6d9d7649a7eb690006ab6adbda117717099b14" },
    { url = "https://mirrors.aliyun.com/pypi/packages/23/04/e89c29e267b8060b40dca97bfc64a19b2a3cf99018167ea1677d96368273/pydantic_core-2.41.5-cp314-cp314-manylinux_2_17_aarch64.manylinux2014_aarch64.whl", hash = "sha256:25e1c2af0fce638d5f1988b686f3b3ea8cd7de5f244ca147c777769e798a9cd1" },
    { url = "https://mirrors.aliyun.com/pypi/packages/84/a3/15a82ac7bd97992a82257f777b3583d3e84bdb06ba6858f745daa2ec8a85/pydantic_core-2.41.5-cp314-cp314-manylinux_2_17_armv7l.manylinux2014_armv7l.whl", hash = "sha256:506d766a8727beef16b7adaeb8ee6217c64fc813646b424d0804d67c16eddb66" },
    { url = "https://mirrors.aliyun.com/pypi/packages/74/9b/0046701313c6ef08c0c1cf0e028c67c770a4e1275ca73131563c5f2a310a/pydantic_core-2.41.5-cp314-cp314-manylinux_2_17_ppc64le.manylinux2014_ppc64le.whl", hash = "sha256:4819fa52133c9aa3c387b3328f25c1facc356491e6135b459f1de698ff64d869" },
    { url = "https://mirrors.aliyun.com/pypi/packages/8a/cd/6bac76ecd1b27e75a95ca3a9a559c643b3afcd2dd62086d4b7a32a18b169/pydantic_core-2.41.5-cp314-cp314-manylinux_2_17_s390x.manylinux2014_s390x.whl", hash = "sha256:2b761d210c9ea91feda40d25b4efe82a1707da2ef62901466a42492c028553a2" },
    { url = "https://mirrors.aliyun.com/pypi/packages/4c/d2/ef2074dc020dd6e109611a8be4449b98cd25e1b9b8a303c2f0fca2f2bcf7/pydantic_core-2.41.5-cp314-cp314-manylinux_2_17_x86_64.manylinux2014_x86_64.whl", hash = "sha256:22f0fb8c1c583a3b6f24df2470833b40207e907b90c928cc8d3594b76f874375" },
    { url = "https://mirrors.aliyun.com/pypi/packages/18/66/e9db17a9a763d72f03de903883c057b2592c09509ccfe468187f2a2eef29/pydantic_core-2.41.5-cp314-cp314-manylinux_2_5_i686.manylinux1_i686.whl", hash = "sha256:2782c870e99878c634505236d81e5443092fba820f0373997ff75f90f68cd553" },
    { url = "https://mirrors.aliyun.com/pypi/packages/d3/9e/3ce66cebb929f3ced22be85d4c2399b8e85b622db77dad36b73c5387f8f8/pydantic_core-2.41.5-cp314-cp314-musllinux_1_1_aarch64.whl", hash = "sha256:0177272f88ab8312479336e1d777f6b124537d47f2123f89cb37e0accea97f90" },
    { url = "https://mirrors.aliyun.com/pypi/packages/a6/62/205a998f4327d2079326b01abee48e502ea739d174f0a89295c481a2272e/pydantic_core-2.41.5-cp314-cp314-musllinux_1_1_armv7l.whl", hash = "sha256:63510af5e38f8955b8ee5687740d6ebf7c2a0886d15a6d65c32814613681bc07" },
    { url = "https://mirrors.aliyun.com/pypi/packages/3c/0d/f05e79471e889d74d3d88f5bd20d0ed189ad94c2423d81ff8d0000aab4ff/pydantic_core-2.41.5-cp314-cp314-musllinux_1_1_x86_64.whl", hash = "sha256:e56ba91f47764cc14f1daacd723e3e82d1a89d783f0f5afe9c364b8bb491ccdb" },
    { url = "https://mirrors.aliyun.com/pypi/packages/ec/e1/e08a6208bb100da7e0c4b288eed624a703f4d129bde2da475721a80cab32/pydantic_core-2.41.5-cp314-cp314-win32.whl", hash = "sha256:aec5cf2fd867b4ff45b9959f8b20ea3993fc93e63c7363fe6851424c8a7e7c23" },
    { url = "https://mirrors.aliyun.com/pypi/packages/48/5d/56ba7b24e9557f99c9237e29f5c09913c81eeb2f3217e40e922353668092/pydantic_core-2.41.5-cp314-cp314-win_amd64.whl", hash = "sha256:8e7c86f27c585ef37c35e56a96363ab8de4e549a95512445b85c96d3e2f7c1bf" },
    { url = "https://mirrors.aliyun.com/pypi/packages/4e/bb/f7a190991ec9e3e0ba22e4993d8755bbc4a32925c0b5b42775c03e8148f9/pydantic_core-2.41.5-cp314-cp314-win_arm64.whl", hash = "sha256:e672ba74fbc2dc8eea59fb6d4aed6845e6905fc2a8afe93175d94a83ba2a01a0" },
    { url = "https://mirrors.aliyun.com/pypi/packages/92/ed/77542d0c51538e32e15afe7899d79efce4b81eee631d99850edc2f5e9349/pydantic_core-2.41.5-cp314-cp314t-macosx_10_12_x86_64.whl", hash = "sha256:8566def80554c3faa0e65ac30ab0932b9e3a5cd7f8323764303d468e5c37595a" },
    { url = "https://mirrors.aliyun.com/pypi/packages/bb/3d/6913dde84d5be21e284439676168b28d8bbba5600d838b9dca99de0fad71/pydantic_core-2.41.5-cp314-cp314t-macosx_11_0_arm64.whl", hash = "sha256:b80aa5095cd3109962a298ce14110ae16b8c1aece8b72f9dafe81cf597ad80b3" },
    { url = "https://mirrors.aliyun.com/pypi/packages/5a/f0/e5e6b99d4191da102f2b0eb9687aaa7f5bea5d9964071a84effc3e40f997/pydantic_core-2.41.5-cp314-cp314t-manylinux_2_17_aarch64.manylinux2014_aarch64.whl", hash = "sha256:3006c3dd9ba34b0c094c544c6006cc79e87d8612999f1a5d43b769b89181f23c" },
    { url = "https://mirrors.aliyun.com/pypi/packages/71/48/36fb760642d568925953bcc8116455513d6e34c4beaa37544118c36aba6d/pydantic_core-2.41.5-cp314-cp314t-manylinux_2_17_armv7l.manylinux2014_armv7l.whl", hash = "sha256:72f6c8b11857a856bcfa48c86f5368439f74453563f951e473514579d44aa612" },
    { url = "https://mirrors.aliyun.com/pypi/packages/20/25/92dc684dd8eb75a234bc1c764b4210cf2646479d54b47bf46061657292a8/pydantic_core-2.41.5-cp314-cp314t-manylinux_2_17_ppc64le.manylinux2014_ppc64le.whl", hash = "sha256:5cb1b2f9742240e4bb26b652a5aeb840aa4b417c7748b6f8387927bc6e45e40d" },
    { url = "https://mirrors.aliyun.com/pypi/packages/e2/09/f53e0b05023d3e30357d82eb35835d0f6340ca344720a4599cd663dca599/pydantic_core-2.41.5-cp314-cp314t-manylinux_2_17_s390x.manylinux2014_s390x.whl", hash = "sha256:bd3d54f38609ff308209bd43acea66061494157703364ae40c951f83ba99a1a9" },
    { url = "https://mirrors.aliyun.com/pypi/packages/aa/4e/2ae1aa85d6af35a39b236b1b1641de73f5a6ac4d5a7509f77b814885760c/pydantic_core-2.41.5-cp314-cp314t-manylinux_2_17_x86_64.manylinux2014_x86_64.whl", hash = "sha256:2ff4321e56e879ee8d2a879501c8e469414d948f4aba74a2d4593184eb326660" },
    { url = "https://mirrors.aliyun.com/pypi/packages/cd/13/2e215f17f0ef326fc72afe94776edb77525142c693767fc347ed6288728d/pydantic_core-2.41.5-cp314-cp314t-manylinux_2_5_i686.manylinux1_i686.whl", hash = "sha256:d0d2568a8c11bf8225044aa94409e21da0cb09dcdafe9ecd10250b2baad531a9" },
    { url = "https://mirrors.aliyun.com/pypi/packages/02/7a/f999a6dcbcd0e5660bc348a3991c8915ce6599f4f2c6ac22f01d7a10816c/pydantic_core-2.41.5-cp314-cp314t-musllinux_1_1_aarch64.whl", hash = "sha256:a39455728aabd58ceabb03c90e12f71fd30fa69615760a075b9fec596456ccc3" },
    { url = "https://mirrors.aliyun.com/pypi/packages/3a/b1/6c990ac65e3b4c079a4fb9f5b05f5b013afa0f4ed6780a3dd236d2cbdc64/pydantic_core-2.41.5-cp314-cp314t-musllinux_1_1_armv7l.whl", hash = "sha256:239edca560d05757817c13dc17c50766136d21f7cd0fac50295499ae24f90fdf" },
    { url = "https://mirrors.aliyun.com/pypi/packages/d9/02/3c562f3a51afd4d88fff8dffb1771b30cfdfd79befd9883ee094f5b6c0d8/pydantic_core-2.41.5-cp314-cp314t-musllinux_1_1_x86_64.whl", hash = "sha256:2a5e06546e19f24c6a96a129142a75cee553cc018ffee48a460059b1185f4470" },
    { url = "https://mirrors.aliyun.com/pypi/packages/5c/96/5fb7d8c3c17bc8c62fdb031c47d77a1af698f1d7a406b0f79aaa1338f9ad/pydantic_core-2.41.5-cp314-cp314t-win32.whl", hash = "sha256:b4ececa40ac28afa90871c2cc2b9ffd2ff0bf749380fbdf57d165fd23da353aa" },
    { url = "https://mirrors.aliyun.com/pypi/packages/22/ed/182129d83032702912c2e2d8bbe33c036f342cc735737064668585dac28f/pydantic_core-2.41.5-cp314-cp314t-win_amd64.whl", hash = "sha256:80aa89cad80b32a912a65332f64a4450ed00966111b6615ca6816153d3585a8c" },
    { url = "https://mirrors.aliyun.com/pypi/packages/9f/ed/068e41660b832bb0b1aa5b58011dea2a3fe0ba7861ff38c4d4904c1c1a99/pydantic_core-2.41.5-cp314-cp314t-win_arm64.whl", hash = "sha256:35b44f37a3199f771c3eaa53051bc8a70cd7b54f333531c59e29fd4db5d15008" },
]

[[package]]
name = "pygments"
version = "2.19.2"
source = { registry = "https://mirrors.aliyun.com/pypi/simple/" }
sdist = { url = "https://mirrors.aliyun.com/pypi/packages/b0/77/a5b8c569bf593b0140bde72ea885a803b82086995367bf2037de0159d924/pygments-2.19.2.tar.gz", hash = "sha256:636cb2477cec7f8952536970bc533bc43743542f70392ae026374600add5b887" }
wheels = [
    { url = "https://mirrors.aliyun.com/pypi/packages/c7/21/705964c7812476f378728bdf590ca4b771ec72385c533964653c68e86bdc/pygments-2.19.2-py3-none-any.whl", hash = "sha256:86540386c03d588bb81d44bc3928634ff26449851e99741617ecb9037ee5ec0b" },
]

[[package]]
name = "pyrefly"
version = "0.45.2"
source = { registry = "https://mirrors.aliyun.com/pypi/simple/" }
sdist = { url = "https://mirrors.aliyun.com/pypi/packages/ce/1f/f9a64686ccc487906f97fb55a155875e600634a96f506a9b764b7c58fbb1/pyrefly-0.45.2.tar.gz", hash = "sha256:3f2f011e3fe6ed6662c8aab86c05365336b2bb07d44852fe7428be61239a9fe1" }
wheels = [
    { url = "https://mirrors.aliyun.com/pypi/packages/50/b8/67798a7db5520fa85420e270f323dc091d5fd73a492eaf8c143d14fc9859/pyrefly-0.45.2-py3-none-macosx_10_12_x86_64.whl", hash = "sha256:33467adbb9aa4993666a1e3dcb35d00facdea1750692ccb2a07fdb9204cf1f10" },
    { url = "https://mirrors.aliyun.com/pypi/packages/c2/1b/f5f36b053f2b31e1c3348e259dfa9dd17fbf796b782a3de530ededa5ce9a/pyrefly-0.45.2-py3-none-macosx_11_0_arm64.whl", hash = "sha256:5eded1227406f57cffe240c232fbee6f585f9441709b9e1cfb994a6b175a28cf" },
    { url = "https://mirrors.aliyun.com/pypi/packages/23/49/a6528dac16638748e60c31768aa591b6cfef5a5cd917693937a075daccfa/pyrefly-0.45.2-py3-none-manylinux_2_17_aarch64.manylinux2014_aarch64.whl", hash = "sha256:f2007e49807f6564505615fa7422a3278c58aa648e2b8b2d9b89ea04cf4ce5dc" },
    { url = "https://mirrors.aliyun.com/pypi/packages/3a/ea/46e48be259e6e003ee4c9d2d4151df5204924e3b1f81a61401145b2e0c9a/pyrefly-0.45.2-py3-none-manylinux_2_17_i686.manylinux2014_i686.whl", hash = "sha256:f49ec5535b3a4c6f342d6429439e078c1344ff4a5d2592fd05bc51d1d748e5d4" },
    { url = "https://mirrors.aliyun.com/pypi/packages/c4/72/573457118d41cdd20d5ed09d4a2bc8bd692ab18a08bf3a450c239d041fe4/pyrefly-0.45.2-py3-none-manylinux_2_17_x86_64.manylinux2014_x86_64.whl", hash = "sha256:597a3e0f8eb3ffe798368906cf14edacafe73c336ce8ee83c80f2a259a2c8f2b" },
    { url = "https://mirrors.aliyun.com/pypi/packages/b8/a5/a2eea3093b20d7a02fcf23419c99c31a7ebc95c25ba70746c1dc8eb93fbd/pyrefly-0.45.2-py3-none-win32.whl", hash = "sha256:a71a9efcba0cc8afacee248430c27a7d76ea9ff0f8c6d975329a5c6deabbb682" },
    { url = "https://mirrors.aliyun.com/pypi/packages/a9/fb/30a6bbee4a89812644621ecfcbe830d4f6e8c519c6e722d09691fe59434c/pyrefly-0.45.2-py3-none-win_amd64.whl", hash = "sha256:d48b92c619a217bc4992b4899bf0eac3d049344a235e4d566088e6476b3d027e" },
    { url = "https://mirrors.aliyun.com/pypi/packages/67/4f/ab7daab11f1abb0b5ebb8b343c834f87930f651e5b811cc55eaa51a03c0f/pyrefly-0.45.2-py3-none-win_arm64.whl", hash = "sha256:b1678936383471076c99c12fe15ebe1f9bc7ada5f499f40b01d9c934c1c8308f" },
]

[[package]]
name = "pytest"
version = "9.0.2"
source = { registry = "https://mirrors.aliyun.com/pypi/simple/" }
dependencies = [
    { name = "colorama", marker = "sys_platform == 'win32'" },
    { name = "iniconfig" },
    { name = "packaging" },
    { name = "pluggy" },
    { name = "pygments" },
]
sdist = { url = "https://mirrors.aliyun.com/pypi/packages/d1/db/7ef3487e0fb0049ddb5ce41d3a49c235bf9ad299b6a25d5780a89f19230f/pytest-9.0.2.tar.gz", hash = "sha256:75186651a92bd89611d1d9fc20f0b4345fd827c41ccd5c299a868a05d70edf11" }
wheels = [
    { url = "https://mirrors.aliyun.com/pypi/packages/3b/ab/b3226f0bd7cdcf710fbede2b3548584366da3b19b5021e74f5bde2a8fa3f/pytest-9.0.2-py3-none-any.whl", hash = "sha256:711ffd45bf766d5264d487b917733b453d917afd2b0ad65223959f59089f875b" },
]

[[package]]
name = "pytest-asyncio"
version = "1.3.0"
source = { registry = "https://mirrors.aliyun.com/pypi/simple/" }
dependencies = [
    { name = "pytest" },
]
sdist = { url = "https://mirrors.aliyun.com/pypi/packages/90/2c/8af215c0f776415f3590cac4f9086ccefd6fd463befeae41cd4d3f193e5a/pytest_asyncio-1.3.0.tar.gz", hash = "sha256:d7f52f36d231b80ee124cd216ffb19369aa168fc10095013c6b014a34d3ee9e5" }
wheels = [
    { url = "https://mirrors.aliyun.com/pypi/packages/e5/35/f8b19922b6a25bc0880171a2f1a003eaeb93657475193ab516fd87cac9da/pytest_asyncio-1.3.0-py3-none-any.whl", hash = "sha256:611e26147c7f77640e6d0a92a38ed17c3e9848063698d5c93d5aa7aa11cebff5" },
]

[[package]]
name = "python-dateutil"
version = "2.9.0.post0"
source = { registry = "https://mirrors.aliyun.com/pypi/simple/" }
dependencies = [
    { name = "six" },
]
sdist = { url = "https://mirrors.aliyun.com/pypi/packages/66/c0/0c8b6ad9f17a802ee498c46e004a0eb49bc148f2fd230864601a86dcf6db/python-dateutil-2.9.0.post0.tar.gz", hash = "sha256:37dd54208da7e1cd875388217d5e00ebd4179249f90fb72437e91a35459a0ad3" }
wheels = [
    { url = "https://mirrors.aliyun.com/pypi/packages/ec/57/56b9bcc3c9c6a792fcbaf139543cee77261f3651ca9da0c93f5c1221264b/python_dateutil-2.9.0.post0-py2.py3-none-any.whl", hash = "sha256:a8b2bc7bffae282281c8140a97d3aa9c14da0b136dfe83f850eea9a5f7470427" },
]

[[package]]
name = "ruff"
version = "0.14.9"
source = { registry = "https://mirrors.aliyun.com/pypi/simple/" }
sdist = { url = "https://mirrors.aliyun.com/pypi/packages/f6/1b/ab712a9d5044435be8e9a2beb17cbfa4c241aa9b5e4413febac2a8b79ef2/ruff-0.14.9.tar.gz", hash = "sha256:35f85b25dd586381c0cc053f48826109384c81c00ad7ef1bd977bfcc28119d5b" }
wheels = [
    { url = "https://mirrors.aliyun.com/pypi/packages/b8/1c/d1b1bba22cffec02351c78ab9ed4f7d7391876e12720298448b29b7229c1/ruff-0.14.9-py3-none-linux_armv6l.whl", hash = "sha256:f1ec5de1ce150ca6e43691f4a9ef5c04574ad9ca35c8b3b0e18877314aba7e75" },
    { url = "https://mirrors.aliyun.com/pypi/packages/94/ab/ffe580e6ea1fca67f6337b0af59fc7e683344a43642d2d55d251ff83ceae/ruff-0.14.9-py3-none-macosx_10_12_x86_64.whl", hash = "sha256:ed9d7417a299fc6030b4f26333bf1117ed82a61ea91238558c0268c14e00d0c2" },
    { url = "https://mirrors.aliyun.com/pypi/packages/7d/f8/2be49047f929d6965401855461e697ab185e1a6a683d914c5c19c7962d9e/ruff-0.14.9-py3-none-macosx_11_0_arm64.whl", hash = "sha256:d5dc3473c3f0e4a1008d0ef1d75cee24a48e254c8bed3a7afdd2b4392657ed2c" },
    { url = "https://mirrors.aliyun.com/pypi/packages/9e/e9/08840ff5127916bb989c86f18924fd568938b06f58b60e206176f327c0fe/ruff-0.14.9-py3-none-manylinux_2_17_aarch64.manylinux2014_aarch64.whl", hash = "sha256:84bf7c698fc8f3cb8278830fb6b5a47f9bcc1ed8cb4f689b9dd02698fa840697" },
    { url = "https://mirrors.aliyun.com/pypi/packages/31/1c/5b4e8e7750613ef43390bb58658eaf1d862c0cc3352d139cd718a2cea164/ruff-0.14.9-py3-none-manylinux_2_17_armv7l.manylinux2014_armv7l.whl", hash = "sha256:aa733093d1f9d88a5d98988d8834ef5d6f9828d03743bf5e338bf980a19fce27" },
    { url = "https://mirrors.aliyun.com/pypi/packages/5b/3a/459dce7a8cb35ba1ea3e9c88f19077667a7977234f3b5ab197fad240b404/ruff-0.14.9-py3-none-manylinux_2_17_i686.manylinux2014_i686.whl", hash = "sha256:6a1cfb04eda979b20c8c19550c8b5f498df64ff8da151283311ce3199e8b3648" },
    { url = "https://mirrors.aliyun.com/pypi/packages/a6/31/f064f4ec32524f9956a0890fc6a944e5cf06c63c554e39957d208c0ffc45/ruff-0.14.9-py3-none-manylinux_2_17_ppc64.manylinux2014_ppc64.whl", hash = "sha256:1e5cb521e5ccf0008bd74d5595a4580313844a42b9103b7388eca5a12c970743" },
    { url = "https://mirrors.aliyun.com/pypi/packages/7a/6d/f364252aad36ccd443494bc5f02e41bf677f964b58902a17c0b16c53d890/ruff-0.14.9-py3-none-manylinux_2_17_ppc64le.manylinux2014_ppc64le.whl", hash = "sha256:cd429a8926be6bba4befa8cdcf3f4dd2591c413ea5066b1e99155ed245ae42bb" },
    { url = "https://mirrors.aliyun.com/pypi/packages/20/02/e848787912d16209aba2799a4d5a1775660b6a3d0ab3944a4ccc13e64a02/ruff-0.14.9-py3-none-manylinux_2_17_s390x.manylinux2014_s390x.whl", hash = "sha256:ab208c1b7a492e37caeaf290b1378148f75e13c2225af5d44628b95fd7834273" },
    { url = "https://mirrors.aliyun.com/pypi/packages/f3/51/0489a6a5595b7760b5dbac0dd82852b510326e7d88d51dbffcd2e07e3ff3/ruff-0.14.9-py3-none-manylinux_2_17_x86_64.manylinux2014_x86_64.whl", hash = "sha256:72034534e5b11e8a593f517b2f2f2b273eb68a30978c6a2d40473ad0aaa4cb4a" },
    { url = "https://mirrors.aliyun.com/pypi/packages/f6/53/3bb8d2fa73e4c2f80acc65213ee0830fa0c49c6479313f7a68a00f39e208/ruff-0.14.9-py3-none-manylinux_2_31_riscv64.whl", hash = "sha256:712ff04f44663f1b90a1195f51525836e3413c8a773574a7b7775554269c30ed" },
    { url = "https://mirrors.aliyun.com/pypi/packages/ad/04/bdb1d0ab876372da3e983896481760867fc84f969c5c09d428e8f01b557f/ruff-0.14.9-py3-none-musllinux_1_2_aarch64.whl", hash = "sha256:a111fee1db6f1d5d5810245295527cda1d367c5aa8f42e0fca9a78ede9b4498b" },
    { url = "https://mirrors.aliyun.com/pypi/packages/40/d9/8bf8e1e41a311afd2abc8ad12be1b6c6c8b925506d9069b67bb5e9a04af3/ruff-0.14.9-py3-none-musllinux_1_2_armv7l.whl", hash = "sha256:8769efc71558fecc25eb295ddec7d1030d41a51e9dcf127cbd63ec517f22d567" },
    { url = "https://mirrors.aliyun.com/pypi/packages/f4/56/a213fa9edb6dd849f1cfbc236206ead10913693c72a67fb7ddc1833bf95d/ruff-0.14.9-py3-none-musllinux_1_2_i686.whl", hash = "sha256:347e3bf16197e8a2de17940cd75fd6491e25c0aa7edf7d61aa03f146a1aa885a" },
    { url = "https://mirrors.aliyun.com/pypi/packages/33/09/6a4a67ffa4abae6bf44c972a4521337ffce9cbc7808faadede754ef7a79c/ruff-0.14.9-py3-none-musllinux_1_2_x86_64.whl", hash = "sha256:7715d14e5bccf5b660f54516558aa94781d3eb0838f8e706fb60e3ff6eff03a8" },
    { url = "https://mirrors.aliyun.com/pypi/packages/12/0d/15cc82da5d83f27a3c6b04f3a232d61bc8c50d38a6cd8da79228e5f8b8d6/ruff-0.14.9-py3-none-win32.whl", hash = "sha256:df0937f30aaabe83da172adaf8937003ff28172f59ca9f17883b4213783df197" },
    { url = "https://mirrors.aliyun.com/pypi/packages/32/f7/c78b060388eefe0304d9d42e68fab8cffd049128ec466456cef9b8d4f06f/ruff-0.14.9-py3-none-win_amd64.whl", hash = "sha256:c0b53a10e61df15a42ed711ec0bda0c582039cf6c754c49c020084c55b5b0bc2" },
    { url = "https://mirrors.aliyun.com/pypi/packages/26/09/7a9520315decd2334afa65ed258fed438f070e31f05a2e43dd480a5e5911/ruff-0.14.9-py3-none-win_arm64.whl", hash = "sha256:8e821c366517a074046d92f0e9213ed1c13dbc5b37a7fc20b07f79b64d62cc84" },
]

[[package]]
name = "six"
version = "1.17.0"
source = { registry = "https://mirrors.aliyun.com/pypi/simple/" }
sdist = { url = "https://mirrors.aliyun.com/pypi/packages/94/e7/b2c673351809dca68a0e064b6af791aa332cf192da575fd474ed7d6f16a2/six-1.17.0.tar.gz", hash = "sha256:ff70335d468e7eb6ec65b95b99d3a2836546063f63acc5171de367e834932a81" }
wheels = [
    { url = "https://mirrors.aliyun.com/pypi/packages/b7/ce/149a00dd41f10bc29e5921b496af8b574d8413afcd5e30dfa0ed46c2cc5e/six-1.17.0-py2.py3-none-any.whl", hash = "sha256:4721f391ed90541fddacab5acf947aa0d3dc7d27b2e1e8eda2be8970586c3274" },
]

[[package]]
name = "template"
version = "0.1.0"
source = { virtual = "." }
dependencies = [
    { name = "attrs" },
    { name = "loguru" },
    { name = "pendulum" },
    { name = "pydantic" },
    { name = "tenacity" },
]

[package.dev-dependencies]
dev = [
    { name = "pyrefly" },
    { name = "pytest" },
    { name = "pytest-asyncio" },
    { name = "ruff" },
]

[package.metadata]
requires-dist = [
    { name = "attrs" },
    { name = "loguru" },
    { name = "pendulum" },
    { name = "pydantic" },
    { name = "tenacity" },
]

[package.metadata.requires-dev]
dev = [
    { name = "pyrefly" },
    { name = "pytest" },
    { name = "pytest-asyncio" },
    { name = "ruff" },
]

[[package]]
name = "tenacity"
version = "9.1.2"
source = { registry = "https://mirrors.aliyun.com/pypi/simple/" }
sdist = { url = "https://mirrors.aliyun.com/pypi/packages/0a/d4/2b0cd0fe285e14b36db076e78c93766ff1d529d70408bd1d2a5a84f1d929/tenacity-9.1.2.tar.gz", hash = "sha256:1169d376c297e7de388d18b4481760d478b0e99a777cad3a9c86e556f4b697cb" }
wheels = [
    { url = "https://mirrors.aliyun.com/pypi/packages/e5/30/643397144bfbfec6f6ef821f36f33e57d35946c44a2352d3c9f0ae847619/tenacity-9.1.2-py3-none-any.whl", hash = "sha256:f77bf36710d8b73a50b2dd155c97b870017ad21afe6ab300326b0371b3b05138" },
]

[[package]]
name = "typing-extensions"
version = "4.15.0"
source = { registry = "https://mirrors.aliyun.com/pypi/simple/" }
sdist = { url = "https://mirrors.aliyun.com/pypi/packages/72/94/1a15dd82efb362ac84269196e94cf00f187f7ed21c242792a923cdb1c61f/typing_extensions-4.15.0.tar.gz", hash = "sha256:0cea48d173cc12fa28ecabc3b837ea3cf6f38c6d1136f85cbaaf598984861466" }
wheels = [
    { url = "https://mirrors.aliyun.com/pypi/packages/18/67/36e9267722cc04a6b9f15c7f3441c2363321a3ea07da7ae0c0707beb2a9c/typing_extensions-4.15.0-py3-none-any.whl", hash = "sha256:f0fa19c6845758ab08074a0cfa8b7aecb71c999ca73d62883bc25cc018c4e548" },
]

[[package]]
name = "typing-inspection"
version = "0.4.2"
source = { registry = "https://mirrors.aliyun.com/pypi/simple/" }
dependencies = [
    { name = "typing-extensions" },
]
sdist = { url = "https://mirrors.aliyun.com/pypi/packages/55/e3/70399cb7dd41c10ac53367ae42139cf4b1ca5f36bb3dc6c9d33acdb43655/typing_inspection-0.4.2.tar.gz", hash = "sha256:ba561c48a67c5958007083d386c3295464928b01faa735ab8547c5692e87f464" }
wheels = [
    { url = "https://mirrors.aliyun.com/pypi/packages/dc/9b/47798a6c91d8bdb567fe2698fe81e0c6b7cb7ef4d13da4114b41d239f65d/typing_inspection-0.4.2-py3-none-any.whl", hash = "sha256:4ed1cacbdc298c220f1bd249ed5287caa16f34d44ef4e9c3d0cbad5b521545e7" },
]

[[package]]
name = "tzdata"
version = "2025.2"
source = { registry = "https://mirrors.aliyun.com/pypi/simple/" }
sdist = { url = "https://mirrors.aliyun.com/pypi/packages/95/32/1a225d6164441be760d75c2c42e2780dc0873fe382da3e98a2e1e48361e5/tzdata-2025.2.tar.gz", hash = "sha256:b60a638fcc0daffadf82fe0f57e53d06bdec2f36c4df66280ae79bce6bd6f2b9" }
wheels = [
    { url = "https://mirrors.aliyun.com/pypi/packages/5c/23/c7abc0ca0a1526a0774eca151daeb8de62ec457e77262b66b359c3c7679e/tzdata-2025.2-py2.py3-none-any.whl", hash = "sha256:1a403fada01ff9221ca8044d701868fa132215d84beb92242d9acd2147f667a8" },
]

[[package]]
name = "win32-setctime"
version = "1.2.0"
source = { registry = "https://mirrors.aliyun.com/pypi/simple/" }
sdist = { url = "https://mirrors.aliyun.com/pypi/packages/b3/8f/705086c9d734d3b663af0e9bb3d4de6578d08f46b1b101c2442fd9aecaa2/win32_setctime-1.2.0.tar.gz", hash = "sha256:ae1fdf948f5640aae05c511ade119313fb6a30d7eabe25fef9764dca5873c4c0" }
wheels = [
    { url = "https://mirrors.aliyun.com/pypi/packages/e1/07/c6fe3ad3e685340704d314d765b7912993bcb8dc198f0e7a89382d37974b/win32_setctime-1.2.0-py3-none-any.whl", hash = "sha256:95d644c4e708aba81dc3704a116d8cbc974d70b3bdb8be1d150e36be6e9d1390" },
]
